{
  "name": "@agenda/tsconfig",
  "version": "0.0.0",
  "lockfileVersion": 3,
  "requires": true,
  "packages": {
    "": {
      "name": "@agenda/tsconfig",
      "version": "0.0.0",
      "license": "MIT",
      "dependencies": {
        "@agenda/tsconfig": "file:"
      },
      "devDependencies": {
        "@tsconfig/node20": "^20.0.0",
        "@tsconfig/strictest": "^2.0.5"
      }
    },
    "../../node_modules/.pnpm/@tsconfig+node20@20.1.4/node_modules/@tsconfig/node20": {
      "version": "20.1.4",
      "dev": true,
      "license": "MIT"
    },
    "../../node_modules/.pnpm/@tsconfig+strictest@2.0.5/node_modules/@tsconfig/strictest": {
      "version": "2.0.5",
      "dev": true,
      "license": "MIT"
    },
    "node_modules/@agenda/tsconfig": {
      "resolved": "",
      "link": true
    },
    "node_modules/@tsconfig/node20": {
      "resolved": "../../node_modules/.pnpm/@tsconfig+node20@20.1.4/node_modules/@tsconfig/node20",
      "link": true
    },
    "node_modules/@tsconfig/strictest": {
      "resolved": "../../node_modules/.pnpm/@tsconfig+strictest@2.0.5/node_modules/@tsconfig/strictest",
      "link": true
    }
  }
}
